
Microsoft Visual Studio Solution File, Format Version 12.00
# Visual Studio 15
VisualStudioVersion = 15.0.27130.0
MinimumVisualStudioVersion = 10.0.40219.1
Project("{8BC9CEB8-8B4A-11D0-8D11-00A0C91BC942}") = "04-Textures", "04-Textures\04-Textures.vcxproj", "{08EE4F11-D81C-46E1-8E4D-593268AEAF7F}"
EndProject
Global
	GlobalSection(SolutionConfigurationPlatforms) = preSolution
		Debug|x64 = Debug|x64
		Debug|x86 = Debug|x86
		Release|x64 = Release|x64
		Release|x86 = Release|x86
	EndGlobalSection
	GlobalSection(ProjectConfigurationPlatforms) = postSolution
		{08EE4F11-D81C-46E1-8E4D-593268AEAF7F}.Debug|x64.ActiveCfg = Debug|x64
		{08EE4F11-D81C-46E1-8E4D-593268AEAF7F}.Debug|x64.Build.0 = Debug|x64
		{08EE4F11-D81C-46E1-8E4D-593268AEAF7F}.Debug|x86.ActiveCfg = Debug|Win32
		{08EE4F11-D81C-46E1-8E4D-593268AEAF7F}.Debug|x86.Build.0 = Debug|Win32
		{08EE4F11-D81C-46E1-8E4D-593268AEAF7F}.Release|x64.ActiveCfg = Release|x64
		{08EE4F11-D81C-46E1-8E4D-593268AEAF7F}.Release|x64.Build.0 = Release|x64
		{08EE4F11-D81C-46E1-8E4D-593268AEAF7F}.Release|x86.ActiveCfg = Release|Win32
		{08EE4F11-D81C-46E1-8E4D-593268AEAF7F}.Release|x86.Build.0 = Release|Win32
	EndGlobalSection
	GlobalSection(SolutionProperties) = preSolution
		HideSolutionNode = FALSE
	EndGlobalSection
	GlobalSection(ExtensibilityGlobals) = postSolution
		SolutionGuid = {9B985833-7354-48DF-A665-AFD7275CB1AA}
	EndGlobalSection
EndGlobal
